{
  "name": "bale4ts",
  "version": "0.0.2",
  "lockfileVersion": 1,
  "requires": true,
  "dependencies": {
    "@types/debug": {
      "version": "0.0.31",
      "resolved": "https://registry.npmjs.org/@types/debug/-/debug-0.0.31.tgz",
      "integrity": "sha512-LS1MCPaQKqspg7FvexuhmDbWUhE2yIJ+4AgVIyObfc06/UKZ8REgxGNjZc82wPLWmbeOm7S+gSsLgo75TanG4A=="
    },
    "@types/dotenv": {
      "version": "6.1.0",
      "resolved": "https://registry.npmjs.org/@types/dotenv/-/dotenv-6.1.0.tgz",
      "integrity": "sha512-gmbNb7V1LbJQA4MmH0hVFgqY1cyKsa6RvKC1Xrq0WBnZ0JuuvXKciXx/s8dN0LVXCJd8xO6wIaSFSyUIoGph9g==",
      "dev": true,
      "requires": {
        "@types/node": "*"
      }
    },
    "@types/node": {
      "version": "10.12.18",
      "resolved": "https://registry.npmjs.org/@types/node/-/node-10.12.18.tgz",
      "integrity": "sha512-fh+pAqt4xRzPfqA6eh3Z2y6fyZavRIumvjhaCL753+TVkGKGhpPeyrJG2JftD0T9q4GF00KjefsQ+PQNDdWQaQ==",
      "dev": true
    },
    "debug": {
      "version": "4.1.0",
      "resolved": "https://registry.npmjs.org/debug/-/debug-4.1.0.tgz",
      "integrity": "sha512-heNPJUJIqC+xB6ayLAMHaIrmN9HKa7aQO8MGqKpvCA+uJYVcvR6l5kgdrhRuwPFHU7P5/A1w0BjByPHwpfTDKg==",
      "requires": {
        "ms": "^2.1.1"
      }
    },
    "dotenv": {
      "version": "6.2.0",
      "resolved": "https://registry.npmjs.org/dotenv/-/dotenv-6.2.0.tgz",
      "integrity": "sha512-HygQCKUBSFl8wKQZBSemMywRWcEDNidvNbjGVyZu3nbZ8qq9ubiPoGLMdRDpfSrpkkm9BXYFkpKxxFX38o/76w==",
      "dev": true
    },
    "ms": {
      "version": "2.1.1",
      "resolved": "https://registry.npmjs.org/ms/-/ms-2.1.1.tgz",
      "integrity": "sha512-tgp+dl5cGk28utYktBsrFqA7HKgrhgPsg6Z/EfhWI4gl1Hwq8B/GmY/0oXZ6nF8hDVesS/FpnYaD/kOWhYQvyg=="
    }
  }
}
